Microsoft Visual Studio Solution File, Format Version 12.00
# Visual Studio Version 16
VisualStudioVersion = 16.0.29020.237
MinimumVisualStudioVersion = 10.0.40219.1
Project("{9A19103F-16F7-4668-BE54-9A1E7A4F7556}") = "ZeDeX", "ZeDeX\ZeDeX.csproj", "{5304CA77-82FF-4798-ACBA-7F2D83E3A480}"
EndProject
Project("{9A19103F-16F7-4668-BE54-9A1E7A4F7556}") = "ZeDeX.Domain", "ZeDeX.Domain\ZeDeX.Domain.csproj", "{25387637-7C2D-48C0-B43A-45ED9578E2B0}"
EndProject
Project("{9A19103F-16F7-4668-BE54-9A1E7A4F7556}") = "ZeDeX.Infrastructure", "ZeDeX.Infrastructure\ZeDeX.Infrastructure.csproj", "{F236DA79-E005-403A-9D22-CEB94B502997}"
EndProject
Project("{9A19103F-16F7-4668-BE54-9A1E7A4F7556}") = "ZeDeX.AppService", "ZeDeX.AppService\ZeDeX.AppService.csproj", "{0953F45E-07D9-4ED0-AF66-F5379BCD5813}"
EndProject
Global
	GlobalSection(SolutionConfigurationPlatforms) = preSolution
		Debug|Any CPU = Debug|Any CPU
		Release|Any CPU = Release|Any CPU
	EndGlobalSection
	GlobalSection(ProjectConfigurationPlatforms) = postSolution
		{5304CA77-82FF-4798-ACBA-7F2D83E3A480}.Debug|Any CPU.ActiveCfg = Debug|Any CPU
		{5304CA77-82FF-4798-ACBA-7F2D83E3A480}.Debug|Any CPU.Build.0 = Debug|Any CPU
		{5304CA77-82FF-4798-ACBA-7F2D83E3A480}.Release|Any CPU.ActiveCfg = Release|Any CPU
		{5304CA77-82FF-4798-ACBA-7F2D83E3A480}.Release|Any CPU.Build.0 = Release|Any CPU
		{25387637-7C2D-48C0-B43A-45ED9578E2B0}.Debug|Any CPU.ActiveCfg = Debug|Any CPU
		{25387637-7C2D-48C0-B43A-45ED9578E2B0}.Debug|Any CPU.Build.0 = Debug|Any CPU
		{25387637-7C2D-48C0-B43A-45ED9578E2B0}.Release|Any CPU.ActiveCfg = Release|Any CPU
		{25387637-7C2D-48C0-B43A-45ED9578E2B0}.Release|Any CPU.Build.0 = Release|Any CPU
		{F236DA79-E005-403A-9D22-CEB94B502997}.Debug|Any CPU.ActiveCfg = Debug|Any CPU
		{F236DA79-E005-403A-9D22-CEB94B502997}.Debug|Any CPU.Build.0 = Debug|Any CPU
		{F236DA79-E005-403A-9D22-CEB94B502997}.Release|Any CPU.ActiveCfg = Release|Any CPU
		{F236DA79-E005-403A-9D22-CEB94B502997}.Release|Any CPU.Build.0 = Release|Any CPU
		{0953F45E-07D9-4ED0-AF66-F5379BCD5813}.Debug|Any CPU.ActiveCfg = Debug|Any CPU
		{0953F45E-07D9-4ED0-AF66-F5379BCD5813}.Debug|Any CPU.Build.0 = Debug|Any CPU
		{0953F45E-07D9-4ED0-AF66-F5379BCD5813}.Release|Any CPU.ActiveCfg = Release|Any CPU
		{0953F45E-07D9-4ED0-AF66-F5379BCD5813}.Release|Any CPU.Build.0 = Release|Any CPU
	EndGlobalSection
	GlobalSection(SolutionProperties) = preSolution
		HideSolutionNode = FALSE
	EndGlobalSection
	GlobalSection(ExtensibilityGlobals) = postSolution
		SolutionGuid = {6FA03A11-15D0-4B0F-8A72-CE096D99B09D}
	EndGlobalSection
EndGlobal
